
Microsoft Visual Studio Solution File, Format Version 12.00
# Visual Studio 15
VisualStudioVersion = 15.0.27428.2011
MinimumVisualStudioVersion = 10.0.40219.1
Project("{FAE04EC0-301F-11D3-BF4B-00C04F79EFBC}") = "CarWifiBackground", "CarWifiBackground\CarWifiBackground.csproj", "{B705652A-9277-493A-A0BD-52E733B5EEBE}"
EndProject
Global
	GlobalSection(SolutionConfigurationPlatforms) = preSolution
		Debug|ARM = Debug|ARM
		Debug|x64 = Debug|x64
		Debug|x86 = Debug|x86
		Release|ARM = Release|ARM
		Release|x64 = Release|x64
		Release|x86 = Release|x86
	EndGlobalSection
	GlobalSection(ProjectConfigurationPlatforms) = postSolution
		{B705652A-9277-493A-A0BD-52E733B5EEBE}.Debug|ARM.ActiveCfg = Debug|ARM
		{B705652A-9277-493A-A0BD-52E733B5EEBE}.Debug|ARM.Build.0 = Debug|ARM
		{B705652A-9277-493A-A0BD-52E733B5EEBE}.Debug|ARM.Deploy.0 = Debug|ARM
		{B705652A-9277-493A-A0BD-52E733B5EEBE}.Debug|x64.ActiveCfg = Debug|x64
		{B705652A-9277-493A-A0BD-52E733B5EEBE}.Debug|x64.Build.0 = Debug|x64
		{B705652A-9277-493A-A0BD-52E733B5EEBE}.Debug|x64.Deploy.0 = Debug|x64
		{B705652A-9277-493A-A0BD-52E733B5EEBE}.Debug|x86.ActiveCfg = Debug|x86
		{B705652A-9277-493A-A0BD-52E733B5EEBE}.Debug|x86.Build.0 = Debug|x86
		{B705652A-9277-493A-A0BD-52E733B5EEBE}.Debug|x86.Deploy.0 = Debug|x86
		{B705652A-9277-493A-A0BD-52E733B5EEBE}.Release|ARM.ActiveCfg = Release|ARM
		{B705652A-9277-493A-A0BD-52E733B5EEBE}.Release|ARM.Build.0 = Release|ARM
		{B705652A-9277-493A-A0BD-52E733B5EEBE}.Release|ARM.Deploy.0 = Release|ARM
		{B705652A-9277-493A-A0BD-52E733B5EEBE}.Release|x64.ActiveCfg = Release|x64
		{B705652A-9277-493A-A0BD-52E733B5EEBE}.Release|x64.Build.0 = Release|x64
		{B705652A-9277-493A-A0BD-52E733B5EEBE}.Release|x64.Deploy.0 = Release|x64
		{B705652A-9277-493A-A0BD-52E733B5EEBE}.Release|x86.ActiveCfg = Release|x86
		{B705652A-9277-493A-A0BD-52E733B5EEBE}.Release|x86.Build.0 = Release|x86
		{B705652A-9277-493A-A0BD-52E733B5EEBE}.Release|x86.Deploy.0 = Release|x86
	EndGlobalSection
	GlobalSection(SolutionProperties) = preSolution
		HideSolutionNode = FALSE
	EndGlobalSection
	GlobalSection(ExtensibilityGlobals) = postSolution
		SolutionGuid = {FD11B201-C54C-4E05-A3E0-93665519DBD5}
	EndGlobalSection
EndGlobal
